
Microsoft Visual Studio Solution File, Format Version 12.00
# Visual Studio Version 17
VisualStudioVersion = 17.5.002.0
MinimumVisualStudioVersion = 10.0.40219.1
Project("{9A19103F-16F7-4668-BE54-9A1E7A4F7556}") = "PersonalFinanceManager", "PersonalFinanceManager.csproj", "{73B0DBE2-AB9F-4EFC-80A4-8A1C31DABDC9}"
EndProject
Global
	GlobalSection(SolutionConfigurationPlatforms) = preSolution
		Debug|Any CPU = Debug|Any CPU
		Release|Any CPU = Release|Any CPU
	EndGlobalSection
	GlobalSection(ProjectConfigurationPlatforms) = postSolution
		{73B0DBE2-AB9F-4EFC-80A4-8A1C31DABDC9}.Debug|Any CPU.ActiveCfg = Debug|Any CPU
		{73B0DBE2-AB9F-4EFC-80A4-8A1C31DABDC9}.Debug|Any CPU.Build.0 = Debug|Any CPU
		{73B0DBE2-AB9F-4EFC-80A4-8A1C31DABDC9}.Release|Any CPU.ActiveCfg = Release|Any CPU
		{73B0DBE2-AB9F-4EFC-80A4-8A1C31DABDC9}.Release|Any CPU.Build.0 = Release|Any CPU
	EndGlobalSection
	GlobalSection(SolutionProperties) = preSolution
		HideSolutionNode = FALSE
	EndGlobalSection
	GlobalSection(ExtensibilityGlobals) = postSolution
		SolutionGuid = {6A2788E5-2455-49C2-8B5C-219AD32C3CD0}
	EndGlobalSection
EndGlobal
